
Microsoft Visual Studio Solution File, Format Version 12.00
# Visual Studio 2012
Project("{FAE04EC0-301F-11D3-BF4B-00C04F79EFBC}") = "SecureChat", "SecureChat.csproj", "{3F327119-9636-4EEE-859E-261CDD8CC202}"
EndProject
Project("{FAE04EC0-301F-11D3-BF4B-00C04F79EFBC}") = "RSAHelper", "..\RSAHelper\RSAHelper.csproj", "{84F3C5BD-7FF1-4E3E-9368-CBE5CAE1BF79}"
EndProject
Project("{FAE04EC0-301F-11D3-BF4B-00C04F79EFBC}") = "RSAHelper.Tests", "RSAHelper.Tests\RSAHelper.Tests.csproj", "{DF8ABDA0-1A9C-4CE4-AFE4-F42B52C3D4F9}"
EndProject
Global
	GlobalSection(SolutionConfigurationPlatforms) = preSolution
		Debug|Any CPU = Debug|Any CPU
		Release|Any CPU = Release|Any CPU
	EndGlobalSection
	GlobalSection(ProjectConfigurationPlatforms) = postSolution
		{3F327119-9636-4EEE-859E-261CDD8CC202}.Debug|Any CPU.ActiveCfg = Debug|Any CPU
		{3F327119-9636-4EEE-859E-261CDD8CC202}.Debug|Any CPU.Build.0 = Debug|Any CPU
		{3F327119-9636-4EEE-859E-261CDD8CC202}.Release|Any CPU.ActiveCfg = Release|Any CPU
		{3F327119-9636-4EEE-859E-261CDD8CC202}.Release|Any CPU.Build.0 = Release|Any CPU
		{84F3C5BD-7FF1-4E3E-9368-CBE5CAE1BF79}.Debug|Any CPU.ActiveCfg = Debug|Any CPU
		{84F3C5BD-7FF1-4E3E-9368-CBE5CAE1BF79}.Debug|Any CPU.Build.0 = Debug|Any CPU
		{84F3C5BD-7FF1-4E3E-9368-CBE5CAE1BF79}.Release|Any CPU.ActiveCfg = Release|Any CPU
		{84F3C5BD-7FF1-4E3E-9368-CBE5CAE1BF79}.Release|Any CPU.Build.0 = Release|Any CPU
		{DF8ABDA0-1A9C-4CE4-AFE4-F42B52C3D4F9}.Debug|Any CPU.ActiveCfg = Debug|Any CPU
		{DF8ABDA0-1A9C-4CE4-AFE4-F42B52C3D4F9}.Debug|Any CPU.Build.0 = Debug|Any CPU
		{DF8ABDA0-1A9C-4CE4-AFE4-F42B52C3D4F9}.Release|Any CPU.ActiveCfg = Release|Any CPU
		{DF8ABDA0-1A9C-4CE4-AFE4-F42B52C3D4F9}.Release|Any CPU.Build.0 = Release|Any CPU
	EndGlobalSection
	GlobalSection(SolutionProperties) = preSolution
		HideSolutionNode = FALSE
	EndGlobalSection
EndGlobal
